{
  "name": "@ne-standard/ui-web-icons-lucide",
  "lockfileVersion": 3,
  "requires": true,
  "packages": {
    "": {
      "name": "@ne-standard/ui-web-icons-lucide",
      "devDependencies": {
        "@lucide/icons": "1.39.0"
      }
    },
    "node_modules/@lucide/icons": {
      "version": "1.39.0",
      "resolved": "https://registry.npmjs.org/@lucide/icons/-/icons-1.39.0.tgz",
      "integrity": "sha512-5yvmy9sbwIs9IqQhdQE1AhVci2RSMPWXaNizk0HZZjoT9VSpGZM3s7BOv0l0BJBrD4gxUnaCveNFrG2AkHxW8A==",
      "dev": true,
      "license": "ISC"
    }
  }
}
